
Microsoft Visual Studio Solution File, Format Version 12.00
# Visual Studio 14
VisualStudioVersion = 14.0.24720.0
MinimumVisualStudioVersion = 10.0.40219.1
Project("{8BC9CEB8-8B4A-11D0-8D11-00A0C91BC942}") = "Hw1a", "Hw1a\Hw1a.vcxproj", "{ECE4F8A5-F660-4081-80E9-2C1923C7451A}"
EndProject
Global
	GlobalSection(SolutionConfigurationPlatforms) = preSolution
		Debug|x64 = Debug|x64
		Debug|x86 = Debug|x86
		Release|x64 = Release|x64
		Release|x86 = Release|x86
	EndGlobalSection
	GlobalSection(ProjectConfigurationPlatforms) = postSolution
		{ECE4F8A5-F660-4081-80E9-2C1923C7451A}.Debug|x64.ActiveCfg = Debug|x64
		{ECE4F8A5-F660-4081-80E9-2C1923C7451A}.Debug|x64.Build.0 = Debug|x64
		{ECE4F8A5-F660-4081-80E9-2C1923C7451A}.Debug|x86.ActiveCfg = Debug|Win32
		{ECE4F8A5-F660-4081-80E9-2C1923C7451A}.Debug|x86.Build.0 = Debug|Win32
		{ECE4F8A5-F660-4081-80E9-2C1923C7451A}.Release|x64.ActiveCfg = Release|x64
		{ECE4F8A5-F660-4081-80E9-2C1923C7451A}.Release|x64.Build.0 = Release|x64
		{ECE4F8A5-F660-4081-80E9-2C1923C7451A}.Release|x86.ActiveCfg = Release|Win32
		{ECE4F8A5-F660-4081-80E9-2C1923C7451A}.Release|x86.Build.0 = Release|Win32
	EndGlobalSection
	GlobalSection(SolutionProperties) = preSolution
		HideSolutionNode = FALSE
	EndGlobalSection
EndGlobal
